
Microsoft Visual Studio Solution File, Format Version 12.00
# Visual Studio Version 17
VisualStudioVersion = 17.1.32210.238
MinimumVisualStudioVersion = 10.0.40219.1
Project("{2150E333-8FDC-42A3-9474-1A3956D46DE8}") = "1. Enterprise Business Rules", "1. Enterprise Business Rules", "{527365D9-FB17-40BB-AEE2-A6DAE15946E5}"
EndProject
Project("{2150E333-8FDC-42A3-9474-1A3956D46DE8}") = "2. Application Business Rules", "2. Application Business Rules", "{C87A3A63-E432-4950-A3FC-EAECE8480FE1}"
EndProject
Project("{2150E333-8FDC-42A3-9474-1A3956D46DE8}") = "3. Interface Adapters", "3. Interface Adapters", "{E4C9AF69-4BE2-486B-A714-D917E4327556}"
EndProject
Project("{2150E333-8FDC-42A3-9474-1A3956D46DE8}") = "4. Frameworks And Drivers", "4. Frameworks And Drivers", "{1712BDE6-AF30-43B0-8E74-529E6B3687AE}"
EndProject
Project("{9A19103F-16F7-4668-BE54-9A1E7A4F7556}") = "NorthWind.Entities", "NorthWind.Entities\NorthWind.Entities.csproj", "{AF1E6E92-58C4-43FE-B05C-7072A5ADD69C}"
EndProject
Project("{9A19103F-16F7-4668-BE54-9A1E7A4F7556}") = "NorthWind.Sales.BusinessObjects", "NorthWind.Sales.BusinessObjects\NorthWind.Sales.BusinessObjects.csproj", "{2F3F23CB-1CDC-40C5-BA6E-22B98520F798}"
EndProject
Project("{9A19103F-16F7-4668-BE54-9A1E7A4F7556}") = "NorthWind.Sales.UseCases", "NorthWind.Sales.UseCases\NorthWind.Sales.UseCases.csproj", "{E764D460-20EE-4828-8FD2-6C25BEE80FF3}"
EndProject
Project("{2150E333-8FDC-42A3-9474-1A3956D46DE8}") = "Gateways", "Gateways", "{A0435F2B-8B45-436A-843B-FE0D7C36B6D0}"
EndProject
Project("{9A19103F-16F7-4668-BE54-9A1E7A4F7556}") = "NothWind.EFCore.Repositories", "NothWind.EFCore.Repositories\NothWind.EFCore.Repositories.csproj", "{93CEB064-0F3E-4E2D-9D2B-BF607C97F8A1}"
EndProject
Project("{2150E333-8FDC-42A3-9474-1A3956D46DE8}") = "Repositories", "Repositories", "{617ABC60-2635-46CB-AAEE-9329D1F79558}"
EndProject
Project("{2150E333-8FDC-42A3-9474-1A3956D46DE8}") = "Presenters", "Presenters", "{B7CFDBAC-E3F2-411E-985B-2D724C9F9831}"
EndProject
Project("{FAE04EC0-301F-11D3-BF4B-00C04F79EFBC}") = "NorthWind.Sales.Presenters", "NorthWind.Sales.Presenters\NorthWind.Sales.Presenters.csproj", "{B11B23FA-BFAB-4C6F-9B74-0C387F4298AA}"
	ProjectSection(ProjectDependencies) = postProject
		{2F3F23CB-1CDC-40C5-BA6E-22B98520F798} = {2F3F23CB-1CDC-40C5-BA6E-22B98520F798}
	EndProjectSection
EndProject
Project("{2150E333-8FDC-42A3-9474-1A3956D46DE8}") = "Controllers", "Controllers", "{2894D8AD-0DDD-46C1-9752-4F67BFEEC754}"
EndProject
Project("{FAE04EC0-301F-11D3-BF4B-00C04F79EFBC}") = "NorthWind.Sales.Controllers", "NorthWind.Sales.Controllers\NorthWind.Sales.Controllers.csproj", "{404F4E16-489C-498D-A2FF-5CFEDFD7901B}"
EndProject
Project("{FAE04EC0-301F-11D3-BF4B-00C04F79EFBC}") = "NothWind.Sales.IoC", "NothWind.Sales.IoC\NothWind.Sales.IoC.csproj", "{55405DDC-4B7B-4540-AEED-F5271D24DB3F}"
	ProjectSection(ProjectDependencies) = postProject
		{404F4E16-489C-498D-A2FF-5CFEDFD7901B} = {404F4E16-489C-498D-A2FF-5CFEDFD7901B}
		{E764D460-20EE-4828-8FD2-6C25BEE80FF3} = {E764D460-20EE-4828-8FD2-6C25BEE80FF3}
		{93CEB064-0F3E-4E2D-9D2B-BF607C97F8A1} = {93CEB064-0F3E-4E2D-9D2B-BF607C97F8A1}
		{B11B23FA-BFAB-4C6F-9B74-0C387F4298AA} = {B11B23FA-BFAB-4C6F-9B74-0C387F4298AA}
	EndProjectSection
EndProject
Project("{2150E333-8FDC-42A3-9474-1A3956D46DE8}") = "UIs", "UIs", "{8854B459-B8A0-4799-80E3-0194710DF39A}"
EndProject
Project("{FAE04EC0-301F-11D3-BF4B-00C04F79EFBC}") = "NorthWind.Sales.WebApi2", "NorthWind.Sales.WebApi2\NorthWind.Sales.WebApi2.csproj", "{885179D0-B196-44B7-A49D-96F46C9F9A5D}"
EndProject
Global
	GlobalSection(SolutionConfigurationPlatforms) = preSolution
		Debug|Any CPU = Debug|Any CPU
		Release|Any CPU = Release|Any CPU
	EndGlobalSection
	GlobalSection(ProjectConfigurationPlatforms) = postSolution
		{AF1E6E92-58C4-43FE-B05C-7072A5ADD69C}.Debug|Any CPU.ActiveCfg = Debug|Any CPU
		{AF1E6E92-58C4-43FE-B05C-7072A5ADD69C}.Debug|Any CPU.Build.0 = Debug|Any CPU
		{AF1E6E92-58C4-43FE-B05C-7072A5ADD69C}.Release|Any CPU.ActiveCfg = Release|Any CPU
		{AF1E6E92-58C4-43FE-B05C-7072A5ADD69C}.Release|Any CPU.Build.0 = Release|Any CPU
		{2F3F23CB-1CDC-40C5-BA6E-22B98520F798}.Debug|Any CPU.ActiveCfg = Debug|Any CPU
		{2F3F23CB-1CDC-40C5-BA6E-22B98520F798}.Debug|Any CPU.Build.0 = Debug|Any CPU
		{2F3F23CB-1CDC-40C5-BA6E-22B98520F798}.Release|Any CPU.ActiveCfg = Release|Any CPU
		{2F3F23CB-1CDC-40C5-BA6E-22B98520F798}.Release|Any CPU.Build.0 = Release|Any CPU
		{E764D460-20EE-4828-8FD2-6C25BEE80FF3}.Debug|Any CPU.ActiveCfg = Debug|Any CPU
		{E764D460-20EE-4828-8FD2-6C25BEE80FF3}.Debug|Any CPU.Build.0 = Debug|Any CPU
		{E764D460-20EE-4828-8FD2-6C25BEE80FF3}.Release|Any CPU.ActiveCfg = Release|Any CPU
		{E764D460-20EE-4828-8FD2-6C25BEE80FF3}.Release|Any CPU.Build.0 = Release|Any CPU
		{93CEB064-0F3E-4E2D-9D2B-BF607C97F8A1}.Debug|Any CPU.ActiveCfg = Debug|Any CPU
		{93CEB064-0F3E-4E2D-9D2B-BF607C97F8A1}.Debug|Any CPU.Build.0 = Debug|Any CPU
		{93CEB064-0F3E-4E2D-9D2B-BF607C97F8A1}.Release|Any CPU.ActiveCfg = Release|Any CPU
		{93CEB064-0F3E-4E2D-9D2B-BF607C97F8A1}.Release|Any CPU.Build.0 = Release|Any CPU
		{B11B23FA-BFAB-4C6F-9B74-0C387F4298AA}.Debug|Any CPU.ActiveCfg = Debug|Any CPU
		{B11B23FA-BFAB-4C6F-9B74-0C387F4298AA}.Debug|Any CPU.Build.0 = Debug|Any CPU
		{B11B23FA-BFAB-4C6F-9B74-0C387F4298AA}.Release|Any CPU.ActiveCfg = Release|Any CPU
		{B11B23FA-BFAB-4C6F-9B74-0C387F4298AA}.Release|Any CPU.Build.0 = Release|Any CPU
		{404F4E16-489C-498D-A2FF-5CFEDFD7901B}.Debug|Any CPU.ActiveCfg = Debug|Any CPU
		{404F4E16-489C-498D-A2FF-5CFEDFD7901B}.Debug|Any CPU.Build.0 = Debug|Any CPU
		{404F4E16-489C-498D-A2FF-5CFEDFD7901B}.Release|Any CPU.ActiveCfg = Release|Any CPU
		{404F4E16-489C-498D-A2FF-5CFEDFD7901B}.Release|Any CPU.Build.0 = Release|Any CPU
		{55405DDC-4B7B-4540-AEED-F5271D24DB3F}.Debug|Any CPU.ActiveCfg = Debug|Any CPU
		{55405DDC-4B7B-4540-AEED-F5271D24DB3F}.Debug|Any CPU.Build.0 = Debug|Any CPU
		{55405DDC-4B7B-4540-AEED-F5271D24DB3F}.Release|Any CPU.ActiveCfg = Release|Any CPU
		{55405DDC-4B7B-4540-AEED-F5271D24DB3F}.Release|Any CPU.Build.0 = Release|Any CPU
		{885179D0-B196-44B7-A49D-96F46C9F9A5D}.Debug|Any CPU.ActiveCfg = Debug|Any CPU
		{885179D0-B196-44B7-A49D-96F46C9F9A5D}.Debug|Any CPU.Build.0 = Debug|Any CPU
		{885179D0-B196-44B7-A49D-96F46C9F9A5D}.Release|Any CPU.ActiveCfg = Release|Any CPU
		{885179D0-B196-44B7-A49D-96F46C9F9A5D}.Release|Any CPU.Build.0 = Release|Any CPU
	EndGlobalSection
	GlobalSection(SolutionProperties) = preSolution
		HideSolutionNode = FALSE
	EndGlobalSection
	GlobalSection(NestedProjects) = preSolution
		{AF1E6E92-58C4-43FE-B05C-7072A5ADD69C} = {527365D9-FB17-40BB-AEE2-A6DAE15946E5}
		{2F3F23CB-1CDC-40C5-BA6E-22B98520F798} = {C87A3A63-E432-4950-A3FC-EAECE8480FE1}
		{E764D460-20EE-4828-8FD2-6C25BEE80FF3} = {C87A3A63-E432-4950-A3FC-EAECE8480FE1}
		{A0435F2B-8B45-436A-843B-FE0D7C36B6D0} = {E4C9AF69-4BE2-486B-A714-D917E4327556}
		{93CEB064-0F3E-4E2D-9D2B-BF607C97F8A1} = {617ABC60-2635-46CB-AAEE-9329D1F79558}
		{617ABC60-2635-46CB-AAEE-9329D1F79558} = {A0435F2B-8B45-436A-843B-FE0D7C36B6D0}
		{B7CFDBAC-E3F2-411E-985B-2D724C9F9831} = {E4C9AF69-4BE2-486B-A714-D917E4327556}
		{B11B23FA-BFAB-4C6F-9B74-0C387F4298AA} = {B7CFDBAC-E3F2-411E-985B-2D724C9F9831}
		{2894D8AD-0DDD-46C1-9752-4F67BFEEC754} = {E4C9AF69-4BE2-486B-A714-D917E4327556}
		{404F4E16-489C-498D-A2FF-5CFEDFD7901B} = {2894D8AD-0DDD-46C1-9752-4F67BFEEC754}
		{55405DDC-4B7B-4540-AEED-F5271D24DB3F} = {E4C9AF69-4BE2-486B-A714-D917E4327556}
		{8854B459-B8A0-4799-80E3-0194710DF39A} = {1712BDE6-AF30-43B0-8E74-529E6B3687AE}
		{885179D0-B196-44B7-A49D-96F46C9F9A5D} = {8854B459-B8A0-4799-80E3-0194710DF39A}
	EndGlobalSection
	GlobalSection(ExtensibilityGlobals) = postSolution
		SolutionGuid = {728B601F-3ABE-4B1D-8800-44913BE000EA}
	EndGlobalSection
EndGlobal
